
Microsoft Visual Studio Solution File, Format Version 12.00
# Visual Studio Version 17
VisualStudioVersion = 17.1.32228.430
MinimumVisualStudioVersion = 10.0.40219.1
Project("{FAE04EC0-301F-11D3-BF4B-00C04F79EFBC}") = "Employee_Wage", "Employee_Wage\Employee_Wage.csproj", "{EC09947C-2FD7-424F-B500-22C6EE0C70DA}"
EndProject
Global
	GlobalSection(SolutionConfigurationPlatforms) = preSolution
		Debug|Any CPU = Debug|Any CPU
		Release|Any CPU = Release|Any CPU
	EndGlobalSection
	GlobalSection(ProjectConfigurationPlatforms) = postSolution
		{EC09947C-2FD7-424F-B500-22C6EE0C70DA}.Debug|Any CPU.ActiveCfg = Debug|Any CPU
		{EC09947C-2FD7-424F-B500-22C6EE0C70DA}.Debug|Any CPU.Build.0 = Debug|Any CPU
		{EC09947C-2FD7-424F-B500-22C6EE0C70DA}.Release|Any CPU.ActiveCfg = Release|Any CPU
		{EC09947C-2FD7-424F-B500-22C6EE0C70DA}.Release|Any CPU.Build.0 = Release|Any CPU
	EndGlobalSection
	GlobalSection(SolutionProperties) = preSolution
		HideSolutionNode = FALSE
	EndGlobalSection
	GlobalSection(ExtensibilityGlobals) = postSolution
		SolutionGuid = {664000B0-2D86-4B5F-BAD1-8B0CE1BD09AD}
	EndGlobalSection
EndGlobal
